// !$*UTF8*$!
{
	archiveVersion = 1;
	classes = {
	};
	objectVersion = 50;
	objects = {

/* Begin PBXBuildFile section */
		765C901F237E9402000EAA01 /* AppDelegate.swift in Sources */ = {isa = PBXBuildFile; fileRef = 765C901E237E9402000EAA01 /* AppDelegate.swift */; };
		765C9021237E9402000EAA01 /* SceneDelegate.swift in Sources */ = {isa = PBXBuildFile; fileRef = 765C9020237E9402000EAA01 /* SceneDelegate.swift */; };
		765C9023237E9402000EAA01 /* ViewController.swift in Sources */ = {isa = PBXBuildFile; fileRef = 765C9022237E9402000EAA01 /* ViewController.swift */; };
		765C9026237E9402000EAA01 /* Main.storyboard in Resources */ = {isa = PBXBuildFile; fileRef = 765C9024237E9402000EAA01 /* Main.storyboard */; };
		765C9028237E9403000EAA01 /* Assets.xcassets in Resources */ = {isa = PBXBuildFile; fileRef = 765C9027237E9403000EAA01 /* Assets.xcassets */; };
		765C902B237E9403000EAA01 /* LaunchScreen.storyboard in Resources */ = {isa = PBXBuildFile; fileRef = 765C9029237E9403000EAA01 /* LaunchScreen.storyboard */; };
/* End PBXBuildFile section */

/* Begin PBXFileReference section */
		765C901B237E9402000EAA01 /* UITextFieldDelegateEx.app */ = {isa = PBXFileReference; explicitFileType = wrapper.application; includeInIndex = 0; path = UITextFieldDelegateEx.app; sourceTree = BUILT_PRODUCTS_DIR; };
		765C901E237E9402000EAA01 /* AppDelegate.swift */ = {isa = PBXFileReference; lastKnownFileType = sourcecode.swift; path = AppDelegate.swift; sourceTree = "<group>"; };
		765C9020237E9402000EAA01 /* SceneDelegate.swift */ = {isa = PBXFileReference; lastKnownFileType = sourcecode.swift; path = SceneDelegate.swift; sourceTree = "<group>"; };
		765C9022237E9402000EAA01 /* ViewController.swift */ = {isa = PBXFileReference; lastKnownFileType = sourcecode.swift; path = ViewController.swift; sourceTree = "<group>"; };
		765C9025237E9402000EAA01 /* Base */ = {isa = PBXFileReference; lastKnownFileType = file.storyboard; name = Base; path = Base.lproj/Main.storyboard; sourceTree = "<group>"; };
		765C9027237E9403000EAA01 /* Assets.xcassets */ = {isa = PBXFileReference; lastKnownFileType = folder.assetcatalog; path = Assets.xcassets; sourceTree = "<group>"; };
		765C902A237E9403000EAA01 /* Base */ = {isa = PBXFileReference; lastKnownFileType = file.storyboard; name = Base; path = Base.lproj/LaunchScreen.storyboard; sourceTree = "<group>"; };
		765C902C237E9403000EAA01 /* Info.plist */ = {isa = PBXFileReference; lastKnownFileType = text.plist.xml; path = Info.plist; sourceTree = "<group>"; };
/* End PBXFileReference section */

/* Begin PBXFrameworksBuildPhase section */
		765C9018237E9402000EAA01 /* Frameworks */ = {
			isa = PBXFrameworksBuildPhase;
			buildActionMask = 2147483647;
			files = (
			);
			runOnlyForDeploymentPostprocessing = 0;
		};
/* End PBXFrameworksBuildPhase section */

/* Begin PBXGroup section */
		765C9012237E9402000EAA01 = {
			isa = PBXGroup;
			children = (
				765C901D237E9402000EAA01 /* UITextFieldDelegateEx */,
				765C901C237E9402000EAA01 /* Products */,
			);
			sourceTree = "<group>";
		};
		765C901C237E9402000EAA01 /* Products */ = {
			isa = PBXGroup;
			children = (
				765C901B237E9402000EAA01 /* UITextFieldDelegateEx.app */,
			);
			name = Products;
			sourceTree = "<group>";
		};
		765C901D237E9402000EAA01 /* UITextFieldDelegateEx */ = {
			isa = PBXGroup;
			children = (
				765C901E237E9402000EAA01 /* AppDelegate.swift */,
				765C9020237E9402000EAA01 /* SceneDelegate.swift */,
				765C9022237E9402000EAA01 /* ViewController.swift */,
				765C9024237E9402000EAA01 /* Main.storyboard */,
				765C9027237E9403000EAA01 /* Assets.xcassets */,
				765C9029237E9403000EAA01 /* LaunchScreen.storyboard */,
				765C902C237E9403000EAA01 /* Info.plist */,
			);
			path = UITextFieldDelegateEx;
			sourceTree = "<group>";
		};
/* End PBXGroup section */

/* Begin PBXNativeTarget section */
		765C901A237E9402000EAA01 /* UITextFieldDelegateEx */ = {
			isa = PBXNativeTarget;
			buildConfigurationList = 765C902F237E9403000EAA01 /* Build configuration list for PBXNativeTarget "UITextFieldDelegateEx" */;
			buildPhases = (
				765C9017237E9402000EAA01 /* Sources */,
				765C9018237E9402000EAA01 /* Frameworks */,
				765C9019237E9402000EAA01 /* Resources */,
			);
			buildRules = (
			);
			dependencies = (
			);
			name = UITextFieldDelegateEx;
			productName = UITextFieldDelegateEx;
			productReference = 765C901B237E9402000EAA01 /* UITextFieldDelegateEx.app */;
			productType = "com.apple.product-type.application";
		};
/* End PBXNativeTarget section */

/* Begin PBXProject section */
		765C9013237E9402000EAA01 /* Project object */ = {
			isa = PBXProject;
			attributes = {
				LastSwiftUpdateCheck = 1120;
				LastUpgradeCheck = 1120;
				ORGANIZATIONNAME = Moon;
				TargetAttributes = {
					765C901A237E9402000EAA01 = {
						CreatedOnToolsVersion = 11.2.1;
					};
				};
			};
			buildConfigurationList = 765C9016237E9402000EAA01 /* Build configuration list for PBXProject "UITextFieldDelegateEx" */;
			compatibilityVersion = "Xcode 9.3";
			developmentRegion = en;
			hasScannedForEncodings = 0;
			knownRegions = (
				en,
				Base,
			);
			mainGroup = 765C9012237E9402000EAA01;
			productRefGroup = 765C901C237E9402000EAA01 /* Products */;
			projectDirPath = "";
			projectRoot = "";
			targets = (
				765C901A237E9402000EAA01 /* UITextFieldDelegateEx */,
			);
		};
/* End PBXProject section */

/* Begin PBXResourcesBuildPhase section */
		765C9019237E9402000EAA01 /* Resources */ = {
			isa = PBXResourcesBuildPhase;
			buildActionMask = 2147483647;
			files = (
				765C902B237E9403000EAA01 /* LaunchScreen.storyboard in Resources */,
				765C9028237E9403000EAA01 /* Assets.xcassets in Resources */,
				765C9026237E9402000EAA01 /* Main.storyboard in Resources */,
			);
			runOnlyForDeploymentPostprocessing = 0;
		};
/* End PBXResourcesBuildPhase section */

/* Begin PBXSourcesBuildPhase section */
		765C9017237E9402000EAA01 /* Sources */ = {
			isa = PBXSourcesBuildPhase;
			buildActionMask = 2147483647;
			files = (
				765C9023237E9402000EAA01 /* ViewController.swift in Sources */,
				765C901F237E9402000EAA01 /* AppDelegate.swift in Sources */,
				765C9021237E9402000EAA01 /* SceneDelegate.swift in Sources */,
			);
			runOnlyForDeploymentPostprocessing = 0;
		};
/* End PBXSourcesBuildPhase section */

/* Begin PBXVariantGroup section */
		765C9024237E9402000EAA01 /* Main.storyboard */ = {
			isa = PBXVariantGroup;
			children = (
				765C9025237E9402000EAA01 /* Base */,
			);
			name = Main.storyboard;
			sourceTree = "<group>";
		};
		765C9029237E9403000EAA01 /* LaunchScreen.storyboard */ = {
			isa = PBXVariantGroup;
			children = (
				765C902A237E9403000EAA01 /* Base */,
			);
			name = LaunchScreen.storyboard;
			sourceTree = "<group>";
		};
/* End PBXVariantGroup section */

/* Begin XCBuildConfiguration section */
		765C902D237E9403000EAA01 /* Debug */ = {
			isa = XCBuildConfiguration;
			buildSettings = {
				ALWAYS_SEARCH_USER_PATHS = NO;
				CLANG_ANALYZER_NONNULL = YES;
				CLANG_ANALYZER_NUMBER_OBJECT_CONVERSION = YES_AGGRESSIVE;
				CLANG_CXX_LANGUAGE_STANDARD = "gnu++14";
				CLANG_CXX_LIBRARY = "libc++";
				CLANG_ENABLE_MODULES = YES;
				CLANG_ENABLE_OBJC_ARC = YES;
				CLANG_ENABLE_OBJC_WEAK = YES;
				CLANG_WARN_BLOCK_CAPTURE_AUTORELEASING = YES;
				CLANG_WARN_BOOL_CONVERSION = YES;
				CLANG_WARN_COMMA = YES;
				CLANG_WARN_CONSTANT_CONVERSION = YES;
				CLANG_WARN_DEPRECATED_OBJC_IMPLEMENTATIONS = YES;
				CLANG_WARN_DIRECT_OBJC_ISA_USAGE = YES_ERROR;
				CLANG_WARN_DOCUMENTATION_COMMENTS = YES;
				CLANG_WARN_EMPTY_BODY = YES;
				CLANG_WARN_ENUM_CONVERSION = YES;
				CLANG_WARN_INFINITE_RECURSION = YES;
				CLANG_WARN_INT_CONVERSION = YES;
				CLANG_WARN_NON_LITERAL_NULL_CONVERSION = YES;
				CLANG_WARN_OBJC_IMPLICIT_RETAIN_SELF = YES;
				CLANG_WARN_OBJC_LITERAL_CONVERSION = YES;
				CLANG_WARN_OBJC_ROOT_CLASS = YES_ERROR;
				CLANG_WARN_RANGE_LOOP_ANALYSIS = YES;
				CLANG_WARN_STRICT_PROTOTYPES = YES;
				CLANG_WARN_SUSPICIOUS_MOVE = YES;
				CLANG_WARN_UNGUARDED_AVAILABILITY = YES_AGGRESSIVE;
				CLANG_WARN_UNREACHABLE_CODE = YES;
				CLANG_WARN__DUPLICATE_METHOD_MATCH = YES;
				COPY_PHASE_STRIP = NO;
				DEBUG_INFORMATION_FORMAT = dwarf;
				ENABLE_STRICT_OBJC_MSGSEND = YES;
				ENABLE_TESTABILITY = YES;
				GCC_C_LANGUAGE_STANDARD = gnu11;
				GCC_DYNAMIC_NO_PIC = NO;
				GCC_NO_COMMON_BLOCKS = YES;
				GCC_OPTIMIZATION_LEVEL = 0;
				GCC_PREPROCESSOR_DEFINITIONS = (
					"DEBUG=1",
					"$(inherited)",
				);
				GCC_WARN_64_TO_32_BIT_CONVERSION = YES;
				GCC_WARN_ABOUT_RETURN_TYPE = YES_ERROR;
				GCC_WARN_UNDECLARED_SELECTOR = YES;
				GCC_WARN_UNINITIALIZED_AUTOS = YES_AGGRESSIVE;
				GCC_WARN_UNUSED_FUNCTION = YES;
				GCC_WARN_UNUSED_VARIABLE = YES;
				IPHONEOS_DEPLOYMENT_TARGET = 13.2;
				MTL_ENABLE_DEBUG_INFO = INCLUDE_SOURCE;
				MTL_FAST_MATH = YES;
				ONLY_ACTIVE_ARCH = YES;
				SDKROOT = iphoneos;
				SWIFT_ACTIVE_COMPILATION_CONDITIONS = DEBUG;
				SWIFT_OPTIMIZATION_LEVEL = "-Onone";
			};
			name = Debug;
		};
		765C902E237E9403000EAA01 /* Release */ = {
			isa = XCBuildConfiguration;
			buildSettings = {
				ALWAYS_SEARCH_USER_PATHS = NO;
				CLANG_ANALYZER_NONNULL = YES;
				CLANG_ANALYZER_NUMBER_OBJECT_CONVERSION = YES_AGGRESSIVE;
				CLANG_CXX_LANGUAGE_STANDARD = "gnu++14";
				CLANG_CXX_LIBRARY = "libc++";
				CLANG_ENABLE_MODULES = YES;
				CLANG_ENABLE_OBJC_ARC = YES;
				CLANG_ENABLE_OBJC_WEAK = YES;
				CLANG_WARN_BLOCK_CAPTURE_AUTORELEASING = YES;
				CLANG_WARN_BOOL_CONVERSION = YES;
				CLANG_WARN_COMMA = YES;
				CLANG_WARN_CONSTANT_CONVERSION = YES;
				CLANG_WARN_DEPRECATED_OBJC_IMPLEMENTATIONS = YES;
				CLANG_WARN_DIRECT_OBJC_ISA_USAGE = YES_ERROR;
				CLANG_WARN_DOCUMENTATION_COMMENTS = YES;
				CLANG_WARN_EMPTY_BODY = YES;
				CLANG_WARN_ENUM_CONVERSION = YES;
				CLANG_WARN_INFINITE_RECURSION = YES;
				CLANG_WARN_INT_CONVERSION = YES;
				CLANG_WARN_NON_LITERAL_NULL_CONVERSION = YES;
				CLANG_WARN_OBJC_IMPLICIT_RETAIN_SELF = YES;
				CLANG_WARN_OBJC_LITERAL_CONVERSION = YES;
				CLANG_WARN_OBJC_ROOT_CLASS = YES_ERROR;
				CLANG_WARN_RANGE_LOOP_ANALYSIS = YES;
				CLANG_WARN_STRICT_PROTOTYPES = YES;
				CLANG_WARN_SUSPICIOUS_MOVE = YES;
				CLANG_WARN_UNGUARDED_AVAILABILITY = YES_AGGRESSIVE;
				CLANG_WARN_UNREACHABLE_CODE = YES;
				CLANG_WARN__DUPLICATE_METHOD_MATCH = YES;
				COPY_PHASE_STRIP = NO;
				DEBUG_INFORMATION_FORMAT = "dwarf-with-dsym";
				ENABLE_NS_ASSERTIONS = NO;
				ENABLE_STRICT_OBJC_MSGSEND = YES;
				GCC_C_LANGUAGE_STANDARD = gnu11;
				GCC_NO_COMMON_BLOCKS = YES;
				GCC_WARN_64_TO_32_BIT_CONVERSION = YES;
				GCC_WARN_ABOUT_RETURN_TYPE = YES_ERROR;
				GCC_WARN_UNDECLARED_SELECTOR = YES;
				GCC_WARN_UNINITIALIZED_AUTOS = YES_AGGRESSIVE;
				GCC_WARN_UNUSED_FUNCTION = YES;
				GCC_WARN_UNUSED_VARIABLE = YES;
				IPHONEOS_DEPLOYMENT_TARGET = 13.2;
				MTL_ENABLE_DEBUG_INFO = NO;
				MTL_FAST_MATH = YES;
				SDKROOT = iphoneos;
				SWIFT_COMPILATION_MODE = wholemodule;
				SWIFT_OPTIMIZATION_LEVEL = "-O";
				VALIDATE_PRODUCT = YES;
			};
			name = Release;
		};
		765C9030237E9403000EAA01 /* Debug */ = {
			isa = XCBuildConfiguration;
			buildSettings = {
				ASSETCATALOG_COMPILER_APPICON_NAME = AppIcon;
				CODE_SIGN_STYLE = Automatic;
				DEVELOPMENT_TEAM = 994BWAVX9G;
				INFOPLIST_FILE = UITextFieldDelegateEx/Info.plist;
				LD_RUNPATH_SEARCH_PATHS = (
					"$(inherited)",
					"@executable_path/Frameworks",
				);
				PRODUCT_BUNDLE_IDENTIFIER = com.Moon.UITextFieldDelegateEx;
				PRODUCT_NAME = "$(TARGET_NAME)";
				SWIFT_VERSION = 5.0;
				TARGETED_DEVICE_FAMILY = "1,2";
			};
			name = Debug;
		};
		765C9031237E9403000EAA01 /* Release */ = {
			isa = XCBuildConfiguration;
			buildSettings = {
				ASSETCATALOG_COMPILER_APPICON_NAME = AppIcon;
				CODE_SIGN_STYLE = Automatic;
				DEVELOPMENT_TEAM = 994BWAVX9G;
				INFOPLIST_FILE = UITextFieldDelegateEx/Info.plist;
				LD_RUNPATH_SEARCH_PATHS = (
					"$(inherited)",
					"@executable_path/Frameworks",
				);
				PRODUCT_BUNDLE_IDENTIFIER = com.Moon.UITextFieldDelegateEx;
				PRODUCT_NAME = "$(TARGET_NAME)";
				SWIFT_VERSION = 5.0;
				TARGETED_DEVICE_FAMILY = "1,2";
			};
			name = Release;
		};
/* End XCBuildConfiguration section */

/* Begin XCConfigurationList section */
		765C9016237E9402000EAA01 /* Build configuration list for PBXProject "UITextFieldDelegateEx" */ = {
			isa = XCConfigurationList;
			buildConfigurations = (
				765C902D237E9403000EAA01 /* Debug */,
				765C902E237E9403000EAA01 /* Release */,
			);
			defaultConfigurationIsVisible = 0;
			defaultConfigurationName = Release;
		};
		765C902F237E9403000EAA01 /* Build configuration list for PBXNativeTarget "UITextFieldDelegateEx" */ = {
			isa = XCConfigurationList;
			buildConfigurations = (
				765C9030237E9403000EAA01 /* Debug */,
				765C9031237E9403000EAA01 /* Release */,
			);
			defaultConfigurationIsVisible = 0;
			defaultConfigurationName = Release;
		};
/* End XCConfigurationList section */
	};
	rootObject = 765C9013237E9402000EAA01 /* Project object */;
}
